
Microsoft Visual Studio Solution File, Format Version 12.00
# Visual Studio 15
VisualStudioVersion = 15.0.28010.0
MinimumVisualStudioVersion = 10.0.40219.1
Project("{FAE04EC0-301F-11D3-BF4B-00C04F79EFBC}") = "Company.Application.Common", "Company.Application.Common\Company.Application.Common.csproj", "{1171E692-9C0F-47C3-8E53-AD530008CC33}"
EndProject
Project("{FAE04EC0-301F-11D3-BF4B-00C04F79EFBC}") = "Company.Application.Data", "Company.Application.Data\Company.Application.Data.csproj", "{0E892DB0-8A16-4D8F-B94D-0C94C588FD10}"
EndProject
Project("{FAE04EC0-301F-11D3-BF4B-00C04F79EFBC}") = "Company.Application.Dto", "Company.Application.Dto\Company.Application.Dto.csproj", "{5CD993F0-9C3A-447C-99E2-0D02505709D0}"
EndProject
Project("{FAE04EC0-301F-11D3-BF4B-00C04F79EFBC}") = "Company.Application.WebApi", "Company.Application.WebApi\Company.Application.WebApi.csproj", "{C4F1A4EC-5FE7-4E1A-BACF-1655BEC199A9}"
EndProject
Project("{FAE04EC0-301F-11D3-BF4B-00C04F79EFBC}") = "Company.Application.Tests", "Company.Application.Tests\Company.Application.Tests.csproj", "{B52850D0-244B-4370-8F79-82D3B876204A}"
EndProject
Global
	GlobalSection(SolutionConfigurationPlatforms) = preSolution
		Debug|Any CPU = Debug|Any CPU
		Release|Any CPU = Release|Any CPU
	EndGlobalSection
	GlobalSection(ProjectConfigurationPlatforms) = postSolution
		{1171E692-9C0F-47C3-8E53-AD530008CC33}.Debug|Any CPU.ActiveCfg = Debug|Any CPU
		{1171E692-9C0F-47C3-8E53-AD530008CC33}.Debug|Any CPU.Build.0 = Debug|Any CPU
		{1171E692-9C0F-47C3-8E53-AD530008CC33}.Release|Any CPU.ActiveCfg = Release|Any CPU
		{1171E692-9C0F-47C3-8E53-AD530008CC33}.Release|Any CPU.Build.0 = Release|Any CPU
		{0E892DB0-8A16-4D8F-B94D-0C94C588FD10}.Debug|Any CPU.ActiveCfg = Debug|Any CPU
		{0E892DB0-8A16-4D8F-B94D-0C94C588FD10}.Debug|Any CPU.Build.0 = Debug|Any CPU
		{0E892DB0-8A16-4D8F-B94D-0C94C588FD10}.Release|Any CPU.ActiveCfg = Release|Any CPU
		{0E892DB0-8A16-4D8F-B94D-0C94C588FD10}.Release|Any CPU.Build.0 = Release|Any CPU
		{5CD993F0-9C3A-447C-99E2-0D02505709D0}.Debug|Any CPU.ActiveCfg = Debug|Any CPU
		{5CD993F0-9C3A-447C-99E2-0D02505709D0}.Debug|Any CPU.Build.0 = Debug|Any CPU
		{5CD993F0-9C3A-447C-99E2-0D02505709D0}.Release|Any CPU.ActiveCfg = Release|Any CPU
		{5CD993F0-9C3A-447C-99E2-0D02505709D0}.Release|Any CPU.Build.0 = Release|Any CPU
		{C4F1A4EC-5FE7-4E1A-BACF-1655BEC199A9}.Debug|Any CPU.ActiveCfg = Debug|Any CPU
		{C4F1A4EC-5FE7-4E1A-BACF-1655BEC199A9}.Debug|Any CPU.Build.0 = Debug|Any CPU
		{C4F1A4EC-5FE7-4E1A-BACF-1655BEC199A9}.Release|Any CPU.ActiveCfg = Release|Any CPU
		{C4F1A4EC-5FE7-4E1A-BACF-1655BEC199A9}.Release|Any CPU.Build.0 = Release|Any CPU
		{B52850D0-244B-4370-8F79-82D3B876204A}.Debug|Any CPU.ActiveCfg = Debug|Any CPU
		{B52850D0-244B-4370-8F79-82D3B876204A}.Debug|Any CPU.Build.0 = Debug|Any CPU
		{B52850D0-244B-4370-8F79-82D3B876204A}.Release|Any CPU.ActiveCfg = Release|Any CPU
		{B52850D0-244B-4370-8F79-82D3B876204A}.Release|Any CPU.Build.0 = Release|Any CPU
	EndGlobalSection
	GlobalSection(SolutionProperties) = preSolution
		HideSolutionNode = FALSE
	EndGlobalSection
	GlobalSection(ExtensibilityGlobals) = postSolution
		SolutionGuid = {EF679E6D-660F-4D42-B79C-CAE04EAFE2A6}
	EndGlobalSection
EndGlobal
